{"1.1.0",
[{<<"envloader">>,
  {git,"https://github.com/nuex/envloader.git",
       {ref,"27a97e04f35c554995467b9236d8ae0188d468c7"}},
  0},
 {<<"epgsql">>,{pkg,<<"epgsql">>,<<"4.5.0">>},0},
 {<<"eql">>,{pkg,<<"eql">>,<<"0.2.0">>},0},
 {<<"getopt">>,{pkg,<<"getopt">>,<<"1.0.2">>},0}]}.
[
{pkg_hash,[
 {<<"epgsql">>, <<"CA863EE3A771E7696AE58EC924A29DF8435CDAFFA64DBA70C02DD2571AD2122D">>},
 {<<"eql">>, <<"598ABC19A1CF6AFB8EF89FFEA869F43BAEBB1CEC3260DD5065112FEE7D8CE3E2">>},
 {<<"getopt">>, <<"33D9B44289FE7AD08627DDFE1D798E30B2DA0033B51DA1B3A2D64E72CD581D02">>}]}
].
